<?xml version="1.0" encoding="utf-8"?>
<Project ToolsVersion="4.0" xmlns="http://schemas.microsoft.com/developer/msbuild/2003">
  <ItemGroup>
    <Filter Include="MGVEditor">
      <UniqueIdentifier>{623f0c31-63e3-4f2d-a057-66e074dddc68}</UniqueIdentifier>
    </Filter>
  </ItemGroup>
  <ItemGroup>
    <ClCompile Include="MGVEditor.cpp">
      <Filter>MGVEditor</Filter>
    </ClCompile>
  </ItemGroup>
  <ItemGroup>
    <ClInclude Include="MGVEditor.h">
      <Filter>MGVEditor</Filter>
    </ClInclude>
  </ItemGroup>
</Project>