
Microsoft Visual Studio Solution File, Format Version 12.00
# Visual Studio Version 17
VisualStudioVersion = 17.5.33502.453
MinimumVisualStudioVersion = 10.0.40219.1
Project("{2150E333-8FDC-42A3-9474-1A3956D46DE8}") = "Modules", "Modules", "{F6A2E51F-35CC-4655-9B9E-0A660C03414C}"
EndProject
Project("{2150E333-8FDC-42A3-9474-1A3956D46DE8}") = "Sources", "Sources", "{3827B9DD-36E2-4344-90C6-922E7F813216}"
EndProject
Project("{2150E333-8FDC-42A3-9474-1A3956D46DE8}") = "ThirdParty", "ThirdParty", "{EAC95879-8582-43F4-A6F4-42DA8DB62C6B}"
EndProject
Project("{8BC9CEB8-8B4A-11D0-8D11-00A0C91BC942}") = "CmvsTools", "Modules\CmvsTools\CmvsTools.vcxproj", "{EC945747-5E9D-4DBD-80AE-7744256BAE22}"
EndProject
Project("{8BC9CEB8-8B4A-11D0-8D11-00A0C91BC942}") = "TDA", "ThirdParty\TDA\TDA.vcxproj", "{6025B745-02F7-47EA-9911-35649DA8CEA0}"
EndProject
Project("{8BC9CEB8-8B4A-11D0-8D11-00A0C91BC942}") = "CMV6Editor", "Sources\CMV6Editor\CMV6Editor.vcxproj", "{CC56024A-427C-4D4C-B4B7-CB5238302413}"
EndProject
Project("{8BC9CEB8-8B4A-11D0-8D11-00A0C91BC942}") = "CMV6Hook", "Sources\CMV6Hook\CMV6Hook.vcxproj", "{8AD60552-55B3-4553-ACF9-147082BAAAE4}"
EndProject
Project("{8BC9CEB8-8B4A-11D0-8D11-00A0C91BC942}") = "CmvsExtract", "Sources\CmvsExtract\CmvsExtract.vcxproj", "{F9B4F065-8A1F-427B-AD80-AC9BEBE25BF8}"
EndProject
Project("{8BC9CEB8-8B4A-11D0-8D11-00A0C91BC942}") = "CmvsFileHook", "Sources\CmvsFileHook\CmvsFileHook.vcxproj", "{BBF3F6C1-8F1F-43B5-9ABC-8B09172CF689}"
EndProject
Project("{8BC9CEB8-8B4A-11D0-8D11-00A0C91BC942}") = "MGVEditor", "Sources\MGVEditor\MGVEditor.vcxproj", "{8836FBB9-F8FC-4E2A-BE9A-F3C5E7CBFCC3}"
EndProject
Project("{8BC9CEB8-8B4A-11D0-8D11-00A0C91BC942}") = "PS3TextEditor", "Sources\PS3TextEditor\PS3TextEditor.vcxproj", "{FA138F0D-5739-4B6A-9CC1-FAC17C056795}"
EndProject
Project("{8BC9CEB8-8B4A-11D0-8D11-00A0C91BC942}") = "CmvsFileDump", "Sources\CmvsFileDump\CmvsFileDump.vcxproj", "{5E28CA9E-6934-42C8-9C6C-1515BB559790}"
EndProject
Global
	GlobalSection(SolutionConfigurationPlatforms) = preSolution
		Debug|x64 = Debug|x64
		Debug|x86 = Debug|x86
		Release|x64 = Release|x64
		Release|x86 = Release|x86
	EndGlobalSection
	GlobalSection(ProjectConfigurationPlatforms) = postSolution
		{EC945747-5E9D-4DBD-80AE-7744256BAE22}.Debug|x64.ActiveCfg = Debug|x64
		{EC945747-5E9D-4DBD-80AE-7744256BAE22}.Debug|x64.Build.0 = Debug|x64
		{EC945747-5E9D-4DBD-80AE-7744256BAE22}.Debug|x86.ActiveCfg = Debug|Win32
		{EC945747-5E9D-4DBD-80AE-7744256BAE22}.Debug|x86.Build.0 = Debug|Win32
		{EC945747-5E9D-4DBD-80AE-7744256BAE22}.Release|x64.ActiveCfg = Release|x64
		{EC945747-5E9D-4DBD-80AE-7744256BAE22}.Release|x64.Build.0 = Release|x64
		{EC945747-5E9D-4DBD-80AE-7744256BAE22}.Release|x86.ActiveCfg = Release|Win32
		{EC945747-5E9D-4DBD-80AE-7744256BAE22}.Release|x86.Build.0 = Release|Win32
		{6025B745-02F7-47EA-9911-35649DA8CEA0}.Debug|x64.ActiveCfg = Debug|x64
		{6025B745-02F7-47EA-9911-35649DA8CEA0}.Debug|x64.Build.0 = Debug|x64
		{6025B745-02F7-47EA-9911-35649DA8CEA0}.Debug|x86.ActiveCfg = Debug|Win32
		{6025B745-02F7-47EA-9911-35649DA8CEA0}.Debug|x86.Build.0 = Debug|Win32
		{6025B745-02F7-47EA-9911-35649DA8CEA0}.Release|x64.ActiveCfg = Release|x64
		{6025B745-02F7-47EA-9911-35649DA8CEA0}.Release|x64.Build.0 = Release|x64
		{6025B745-02F7-47EA-9911-35649DA8CEA0}.Release|x86.ActiveCfg = Release|Win32
		{6025B745-02F7-47EA-9911-35649DA8CEA0}.Release|x86.Build.0 = Release|Win32
		{CC56024A-427C-4D4C-B4B7-CB5238302413}.Debug|x64.ActiveCfg = Debug|Win32
		{CC56024A-427C-4D4C-B4B7-CB5238302413}.Debug|x64.Build.0 = Debug|Win32
		{CC56024A-427C-4D4C-B4B7-CB5238302413}.Debug|x86.ActiveCfg = Debug|Win32
		{CC56024A-427C-4D4C-B4B7-CB5238302413}.Debug|x86.Build.0 = Debug|Win32
		{CC56024A-427C-4D4C-B4B7-CB5238302413}.Release|x64.ActiveCfg = Release|Win32
		{CC56024A-427C-4D4C-B4B7-CB5238302413}.Release|x64.Build.0 = Release|Win32
		{CC56024A-427C-4D4C-B4B7-CB5238302413}.Release|x86.ActiveCfg = Release|Win32
		{CC56024A-427C-4D4C-B4B7-CB5238302413}.Release|x86.Build.0 = Release|Win32
		{8AD60552-55B3-4553-ACF9-147082BAAAE4}.Debug|x64.ActiveCfg = Debug|Win32
		{8AD60552-55B3-4553-ACF9-147082BAAAE4}.Debug|x64.Build.0 = Debug|Win32
		{8AD60552-55B3-4553-ACF9-147082BAAAE4}.Debug|x86.ActiveCfg = Debug|Win32
		{8AD60552-55B3-4553-ACF9-147082BAAAE4}.Debug|x86.Build.0 = Debug|Win32
		{8AD60552-55B3-4553-ACF9-147082BAAAE4}.Release|x64.ActiveCfg = Release|Win32
		{8AD60552-55B3-4553-ACF9-147082BAAAE4}.Release|x64.Build.0 = Release|Win32
		{8AD60552-55B3-4553-ACF9-147082BAAAE4}.Release|x86.ActiveCfg = Release|Win32
		{8AD60552-55B3-4553-ACF9-147082BAAAE4}.Release|x86.Build.0 = Release|Win32
		{F9B4F065-8A1F-427B-AD80-AC9BEBE25BF8}.Debug|x64.ActiveCfg = Debug|Win32
		{F9B4F065-8A1F-427B-AD80-AC9BEBE25BF8}.Debug|x64.Build.0 = Debug|Win32
		{F9B4F065-8A1F-427B-AD80-AC9BEBE25BF8}.Debug|x86.ActiveCfg = Debug|Win32
		{F9B4F065-8A1F-427B-AD80-AC9BEBE25BF8}.Debug|x86.Build.0 = Debug|Win32
		{F9B4F065-8A1F-427B-AD80-AC9BEBE25BF8}.Release|x64.ActiveCfg = Release|Win32
		{F9B4F065-8A1F-427B-AD80-AC9BEBE25BF8}.Release|x64.Build.0 = Release|Win32
		{F9B4F065-8A1F-427B-AD80-AC9BEBE25BF8}.Release|x86.ActiveCfg = Release|Win32
		{F9B4F065-8A1F-427B-AD80-AC9BEBE25BF8}.Release|x86.Build.0 = Release|Win32
		{BBF3F6C1-8F1F-43B5-9ABC-8B09172CF689}.Debug|x64.ActiveCfg = Debug|x64
		{BBF3F6C1-8F1F-43B5-9ABC-8B09172CF689}.Debug|x64.Build.0 = Debug|x64
		{BBF3F6C1-8F1F-43B5-9ABC-8B09172CF689}.Debug|x86.ActiveCfg = Debug|Win32
		{BBF3F6C1-8F1F-43B5-9ABC-8B09172CF689}.Debug|x86.Build.0 = Debug|Win32
		{BBF3F6C1-8F1F-43B5-9ABC-8B09172CF689}.Release|x64.ActiveCfg = Release|x64
		{BBF3F6C1-8F1F-43B5-9ABC-8B09172CF689}.Release|x64.Build.0 = Release|x64
		{BBF3F6C1-8F1F-43B5-9ABC-8B09172CF689}.Release|x86.ActiveCfg = Release|Win32
		{BBF3F6C1-8F1F-43B5-9ABC-8B09172CF689}.Release|x86.Build.0 = Release|Win32
		{8836FBB9-F8FC-4E2A-BE9A-F3C5E7CBFCC3}.Debug|x64.ActiveCfg = Debug|x64
		{8836FBB9-F8FC-4E2A-BE9A-F3C5E7CBFCC3}.Debug|x64.Build.0 = Debug|x64
		{8836FBB9-F8FC-4E2A-BE9A-F3C5E7CBFCC3}.Debug|x86.ActiveCfg = Debug|Win32
		{8836FBB9-F8FC-4E2A-BE9A-F3C5E7CBFCC3}.Debug|x86.Build.0 = Debug|Win32
		{8836FBB9-F8FC-4E2A-BE9A-F3C5E7CBFCC3}.Release|x64.ActiveCfg = Release|x64
		{8836FBB9-F8FC-4E2A-BE9A-F3C5E7CBFCC3}.Release|x64.Build.0 = Release|x64
		{8836FBB9-F8FC-4E2A-BE9A-F3C5E7CBFCC3}.Release|x86.ActiveCfg = Release|Win32
		{8836FBB9-F8FC-4E2A-BE9A-F3C5E7CBFCC3}.Release|x86.Build.0 = Release|Win32
		{FA138F0D-5739-4B6A-9CC1-FAC17C056795}.Debug|x64.ActiveCfg = Debug|x64
		{FA138F0D-5739-4B6A-9CC1-FAC17C056795}.Debug|x64.Build.0 = Debug|x64
		{FA138F0D-5739-4B6A-9CC1-FAC17C056795}.Debug|x86.ActiveCfg = Debug|Win32
		{FA138F0D-5739-4B6A-9CC1-FAC17C056795}.Debug|x86.Build.0 = Debug|Win32
		{FA138F0D-5739-4B6A-9CC1-FAC17C056795}.Release|x64.ActiveCfg = Release|x64
		{FA138F0D-5739-4B6A-9CC1-FAC17C056795}.Release|x64.Build.0 = Release|x64
		{FA138F0D-5739-4B6A-9CC1-FAC17C056795}.Release|x86.ActiveCfg = Release|Win32
		{FA138F0D-5739-4B6A-9CC1-FAC17C056795}.Release|x86.Build.0 = Release|Win32
		{5E28CA9E-6934-42C8-9C6C-1515BB559790}.Debug|x64.ActiveCfg = Debug|x64
		{5E28CA9E-6934-42C8-9C6C-1515BB559790}.Debug|x64.Build.0 = Debug|x64
		{5E28CA9E-6934-42C8-9C6C-1515BB559790}.Debug|x86.ActiveCfg = Debug|Win32
		{5E28CA9E-6934-42C8-9C6C-1515BB559790}.Debug|x86.Build.0 = Debug|Win32
		{5E28CA9E-6934-42C8-9C6C-1515BB559790}.Release|x64.ActiveCfg = Release|x64
		{5E28CA9E-6934-42C8-9C6C-1515BB559790}.Release|x64.Build.0 = Release|x64
		{5E28CA9E-6934-42C8-9C6C-1515BB559790}.Release|x86.ActiveCfg = Release|Win32
		{5E28CA9E-6934-42C8-9C6C-1515BB559790}.Release|x86.Build.0 = Release|Win32
	EndGlobalSection
	GlobalSection(SolutionProperties) = preSolution
		HideSolutionNode = FALSE
	EndGlobalSection
	GlobalSection(NestedProjects) = preSolution
		{EC945747-5E9D-4DBD-80AE-7744256BAE22} = {F6A2E51F-35CC-4655-9B9E-0A660C03414C}
		{6025B745-02F7-47EA-9911-35649DA8CEA0} = {EAC95879-8582-43F4-A6F4-42DA8DB62C6B}
		{CC56024A-427C-4D4C-B4B7-CB5238302413} = {3827B9DD-36E2-4344-90C6-922E7F813216}
		{8AD60552-55B3-4553-ACF9-147082BAAAE4} = {3827B9DD-36E2-4344-90C6-922E7F813216}
		{F9B4F065-8A1F-427B-AD80-AC9BEBE25BF8} = {3827B9DD-36E2-4344-90C6-922E7F813216}
		{BBF3F6C1-8F1F-43B5-9ABC-8B09172CF689} = {3827B9DD-36E2-4344-90C6-922E7F813216}
		{8836FBB9-F8FC-4E2A-BE9A-F3C5E7CBFCC3} = {3827B9DD-36E2-4344-90C6-922E7F813216}
		{FA138F0D-5739-4B6A-9CC1-FAC17C056795} = {3827B9DD-36E2-4344-90C6-922E7F813216}
		{5E28CA9E-6934-42C8-9C6C-1515BB559790} = {3827B9DD-36E2-4344-90C6-922E7F813216}
	EndGlobalSection
	GlobalSection(ExtensibilityGlobals) = postSolution
		SolutionGuid = {E4079A71-65D6-4DB3-BBB7-25C32688D04B}
	EndGlobalSection
EndGlobal
